payload:
  - DOMAIN,safebrowsing.google.com
  - DOMAIN,safebrowsing.googleapis.com
  - DOMAIN,safebrowsing.urlsec.qq.com
  - DOMAIN,proxy.safebrowsing.apple
  - DOMAIN-SUFFIX,4hu.com
  - DOMAIN-SUFFIX,bongacams.com
  - DOMAIN-SUFFIX,chaturbate.com
  - DOMAIN-SUFFIX,fanqienovel.com
  - DOMAIN-SUFFIX,fanqieopen.com
  - DOMAIN-SUFFIX,fqnovelvod.com
  - DOMAIN-SUFFIX,changdunovel.com
  - DOMAIN-SUFFIX,ip.sb
  - DOMAIN-SUFFIX,netflav.com
  - DOMAIN-SUFFIX,jable.tv
  - DOMAIN-SUFFIX,jerkmate.com
  - DOMAIN-SUFFIX,onlyfans.com  
  - DOMAIN-SUFFIX,parallels.com
  - DOMAIN-SUFFIX,skk.moe
  - DOMAIN-SUFFIX,spankbang.com
  - DOMAIN-SUFFIX,stripchat.com
  - DOMAIN-SUFFIX,xhamster.com
  - DOMAIN-SUFFIX,xnxx.com
  - DOMAIN-SUFFIX,xvideos.com
  - DOMAIN-SUFFIX,ztehome.com.cn
  - DOMAIN-KEYWORD,porn
