payload:
  #> Safe Browsing 
  - DOMAIN-SUFFIX,safebrowsing.google.com
  - DOMAIN-SUFFIX,safebrowsing.googleapis.com
  - DOMAIN-SUFFIX,safebrowsing.urlsec.qq.com
  - DOMAIN-SUFFIX,safebrowsing.apple
  - DOMAIN-SUFFIX,surge-activation.com
  - DOMAIN-SUFFIX,u3.ucweb.com
  - DOMAIN,lookup.api.bsb.baidu.com
  - DOMAIN,safebrowsing.g.applimg.com
  - DOMAIN,vs6.bj2ct.u3.ucweb.com
  #> - DOMAIN-SUFFIX,4hu.com
  #> - DOMAIN-SUFFIX,bongacams.com
  #> - DOMAIN-SUFFIX,chaturbate.com
  #> - DOMAIN-SUFFIX,fanqienovel.com
  #> - DOMAIN-SUFFIX,fanqieopen.com
  #> - DOMAIN-SUFFIX,fqnovelvod.com
  #> - DOMAIN-SUFFIX,flexmaster
  #> - DOMAIN-SUFFIX,changdunovel.com
  #> - DOMAIN-SUFFIX,netflav.com
  #> - DOMAIN-SUFFIX,jable.tv
  #> - DOMAIN-SUFFIX,jerkmate.com
  #> - DOMAIN-SUFFIX,kknews.cc
  #> - DOMAIN-SUFFIX,nelreports.net
  #> - DOMAIN-SUFFIX,onlyfans.com
  #> - DOMAIN-SUFFIX,piaoquantv.com
  #> - DOMAIN-SUFFIX,spankbang.com
  #> - DOMAIN-SUFFIX,stripchat.com
  #> - DOMAIN-SUFFIX,tuanguwen.com
  #> - DOMAIN-SUFFIX,vzuu.com
  #> - DOMAIN-SUFFIX,wyzxwk.com
  #> - DOMAIN-SUFFIX,xhamster.com
  #> - DOMAIN-SUFFIX,xnxx.com
  #> - DOMAIN-SUFFIX,xvideos.com
  #> - DOMAIN-SUFFIX,zenkube.com
  - DOMAIN-SUFFIX,ztehome.com.cn
  - DOMAIN,hwyresstatic.ll.tcdnos.com
  #> Apple Weather
  - DOMAIN,weather-analytics-events.apple.com
  #> OpenAI 内置的错误跟踪器
  - DOMAIN,o33249.ingest.sentry.io
  - DOMAIN-SUFFIX,sentry.io
  - DOMAIN-SUFFIX,intercom.io
  - DOMAIN-SUFFIX,featuregates.org
  - DOMAIN-SUFFIX,statsigapi.net
  #> Telegram
  - IP-CIDR,95.161.76.100/31
  #> Youtube
  - AND,((DOMAIN-SUFFIX,googlevideo.com), (NETWORK,UDP))
  - AND,((DOMAIN,youtubei.googleapis.com), (NETWORK,UDP))
  #> STUN
  - NETWORK,STUN
